
Microsoft Visual Studio Solution File, Format Version 12.00
# Visual Studio Version 16
VisualStudioVersion = 16.0.30413.136
MinimumVisualStudioVersion = 10.0.40219.1
Project("{FAE04EC0-301F-11D3-BF4B-00C04F79EFBC}") = "elinder1f1", "elinder1730\elinder1f1.csproj", "{71CCBA20-4CF4-458E-A52B-5090B25FD503}"
EndProject
Project("{FAE04EC0-301F-11D3-BF4B-00C04F79EFBC}") = "elinder2A1", "elinder2A1\elinder2A1.csproj", "{D8881E27-B14E-4A7E-A243-6B7405B3AC12}"
EndProject
Project("{FAE04EC0-301F-11D3-BF4B-00C04F79EFBC}") = "elinder2b1", "elinder2b1\elinder2b1.csproj", "{B554894E-454D-4734-8C5A-3FBAEB0531E0}"
EndProject
Project("{FAE04EC0-301F-11D3-BF4B-00C04F79EFBC}") = "elinder2C1", "elinder2C1\elinder2C1.csproj", "{3F2B54B5-17A9-48C2-AFCB-A74A093CBFE3}"
EndProject
Project("{FAE04EC0-301F-11D3-BF4B-00C04F79EFBC}") = "elinder2D1", "elinder2D1\elinder2D1.csproj", "{BC4C2B6F-11F8-410C-B046-1CFBE913FB71}"
EndProject
Project("{FAE04EC0-301F-11D3-BF4B-00C04F79EFBC}") = "elinder2e1", "elinder2e1\elinder2e1.csproj", "{C791ACBC-9968-4F60-9692-2E69A6455A6B}"
EndProject
Project("{FAE04EC0-301F-11D3-BF4B-00C04F79EFBC}") = "elinder2e1UnitTest", "elinder2e1UnitTest\elinder2e1UnitTest.csproj", "{9335826C-3604-4A03-9DDC-97A684ABBEDE}"
EndProject
Project("{FAE04EC0-301F-11D3-BF4B-00C04F79EFBC}") = "elinder2f1", "elinder2f1\elinder2f1.csproj", "{182F3842-900B-4A55-BEBC-3B6662897714}"
EndProject
Project("{FAE04EC0-301F-11D3-BF4B-00C04F79EFBC}") = "elinder2g1", "elinder2g1\elinder2g1.csproj", "{EAEA3761-9E61-4F73-8639-C71EFC118C63}"
EndProject
Project("{9A19103F-16F7-4668-BE54-9A1E7A4F7556}") = "elinder2g1UnitTests", "elinder2g1UnitTests\elinder2g1UnitTests.csproj", "{4101746D-BFCD-4398-9091-F00B08EA4980}"
EndProject
Project("{FAE04EC0-301F-11D3-BF4B-00C04F79EFBC}") = "elinder2h1", "elinder2h1\elinder2h1.csproj", "{BAE0D571-BF93-4C2B-A7FC-CCF183705CAA}"
EndProject
Project("{FAE04EC0-301F-11D3-BF4B-00C04F79EFBC}") = "elinder2h1.Tests", "elinder2h1.Tests\elinder2h1.Tests.csproj", "{41EAD7C6-F9CC-45E5-8593-0B5784E8F5E0}"
EndProject
Project("{FAE04EC0-301F-11D3-BF4B-00C04F79EFBC}") = "elinder3a1", "elinder3a1\elinder3a1.csproj", "{0F439743-1B9F-457D-97AD-CA22F2897C61}"
EndProject
Project("{2150E333-8FDC-42A3-9474-1A3956D46DE8}") = "Solution Items", "Solution Items", "{FA0C8FB2-79B2-498B-B64D-10EA49D1AC05}"
	ProjectSection(SolutionItems) = preProject
		.editorconfig = .editorconfig
	EndProjectSection
EndProject
Project("{FAE04EC0-301F-11D3-BF4B-00C04F79EFBC}") = "elinder3a1UnitTests", "elinder3a1UnitTests\elinder3a1UnitTests.csproj", "{1AEF58C6-1E3C-4889-A4AE-32C271C6CB19}"
EndProject
Project("{FAE04EC0-301F-11D3-BF4B-00C04F79EFBC}") = "elinder3b1", "elinder3b1\elinder3b1.csproj", "{17988CEC-54DD-4508-8A61-1DF148F2BD8D}"
EndProject
Project("{FAE04EC0-301F-11D3-BF4B-00C04F79EFBC}") = "elinder3b1UnitTests", "elinder3b1UnitTests\elinder3b1UnitTests.csproj", "{6CC28C8B-0F37-42DD-8E5E-C02714D139C4}"
EndProject
Global
	GlobalSection(SolutionConfigurationPlatforms) = preSolution
		Debug|Any CPU = Debug|Any CPU
		Release|Any CPU = Release|Any CPU
	EndGlobalSection
	GlobalSection(ProjectConfigurationPlatforms) = postSolution
		{71CCBA20-4CF4-458E-A52B-5090B25FD503}.Debug|Any CPU.ActiveCfg = Debug|Any CPU
		{71CCBA20-4CF4-458E-A52B-5090B25FD503}.Debug|Any CPU.Build.0 = Debug|Any CPU
		{71CCBA20-4CF4-458E-A52B-5090B25FD503}.Release|Any CPU.ActiveCfg = Release|Any CPU
		{71CCBA20-4CF4-458E-A52B-5090B25FD503}.Release|Any CPU.Build.0 = Release|Any CPU
		{D8881E27-B14E-4A7E-A243-6B7405B3AC12}.Debug|Any CPU.ActiveCfg = Debug|Any CPU
		{D8881E27-B14E-4A7E-A243-6B7405B3AC12}.Debug|Any CPU.Build.0 = Debug|Any CPU
		{D8881E27-B14E-4A7E-A243-6B7405B3AC12}.Release|Any CPU.ActiveCfg = Release|Any CPU
		{D8881E27-B14E-4A7E-A243-6B7405B3AC12}.Release|Any CPU.Build.0 = Release|Any CPU
		{B554894E-454D-4734-8C5A-3FBAEB0531E0}.Debug|Any CPU.ActiveCfg = Debug|Any CPU
		{B554894E-454D-4734-8C5A-3FBAEB0531E0}.Debug|Any CPU.Build.0 = Debug|Any CPU
		{B554894E-454D-4734-8C5A-3FBAEB0531E0}.Release|Any CPU.ActiveCfg = Release|Any CPU
		{B554894E-454D-4734-8C5A-3FBAEB0531E0}.Release|Any CPU.Build.0 = Release|Any CPU
		{3F2B54B5-17A9-48C2-AFCB-A74A093CBFE3}.Debug|Any CPU.ActiveCfg = Debug|Any CPU
		{3F2B54B5-17A9-48C2-AFCB-A74A093CBFE3}.Debug|Any CPU.Build.0 = Debug|Any CPU
		{3F2B54B5-17A9-48C2-AFCB-A74A093CBFE3}.Release|Any CPU.ActiveCfg = Release|Any CPU
		{3F2B54B5-17A9-48C2-AFCB-A74A093CBFE3}.Release|Any CPU.Build.0 = Release|Any CPU
		{BC4C2B6F-11F8-410C-B046-1CFBE913FB71}.Debug|Any CPU.ActiveCfg = Debug|Any CPU
		{BC4C2B6F-11F8-410C-B046-1CFBE913FB71}.Debug|Any CPU.Build.0 = Debug|Any CPU
		{BC4C2B6F-11F8-410C-B046-1CFBE913FB71}.Release|Any CPU.ActiveCfg = Release|Any CPU
		{BC4C2B6F-11F8-410C-B046-1CFBE913FB71}.Release|Any CPU.Build.0 = Release|Any CPU
		{C791ACBC-9968-4F60-9692-2E69A6455A6B}.Debug|Any CPU.ActiveCfg = Debug|Any CPU
		{C791ACBC-9968-4F60-9692-2E69A6455A6B}.Debug|Any CPU.Build.0 = Debug|Any CPU
		{C791ACBC-9968-4F60-9692-2E69A6455A6B}.Release|Any CPU.ActiveCfg = Release|Any CPU
		{C791ACBC-9968-4F60-9692-2E69A6455A6B}.Release|Any CPU.Build.0 = Release|Any CPU
		{9335826C-3604-4A03-9DDC-97A684ABBEDE}.Debug|Any CPU.ActiveCfg = Debug|Any CPU
		{9335826C-3604-4A03-9DDC-97A684ABBEDE}.Debug|Any CPU.Build.0 = Debug|Any CPU
		{9335826C-3604-4A03-9DDC-97A684ABBEDE}.Release|Any CPU.ActiveCfg = Release|Any CPU
		{9335826C-3604-4A03-9DDC-97A684ABBEDE}.Release|Any CPU.Build.0 = Release|Any CPU
		{182F3842-900B-4A55-BEBC-3B6662897714}.Debug|Any CPU.ActiveCfg = Debug|Any CPU
		{182F3842-900B-4A55-BEBC-3B6662897714}.Debug|Any CPU.Build.0 = Debug|Any CPU
		{182F3842-900B-4A55-BEBC-3B6662897714}.Release|Any CPU.ActiveCfg = Release|Any CPU
		{182F3842-900B-4A55-BEBC-3B6662897714}.Release|Any CPU.Build.0 = Release|Any CPU
		{EAEA3761-9E61-4F73-8639-C71EFC118C63}.Debug|Any CPU.ActiveCfg = Debug|Any CPU
		{EAEA3761-9E61-4F73-8639-C71EFC118C63}.Debug|Any CPU.Build.0 = Debug|Any CPU
		{EAEA3761-9E61-4F73-8639-C71EFC118C63}.Release|Any CPU.ActiveCfg = Release|Any CPU
		{EAEA3761-9E61-4F73-8639-C71EFC118C63}.Release|Any CPU.Build.0 = Release|Any CPU
		{4101746D-BFCD-4398-9091-F00B08EA4980}.Debug|Any CPU.ActiveCfg = Debug|Any CPU
		{4101746D-BFCD-4398-9091-F00B08EA4980}.Debug|Any CPU.Build.0 = Debug|Any CPU
		{4101746D-BFCD-4398-9091-F00B08EA4980}.Release|Any CPU.ActiveCfg = Release|Any CPU
		{4101746D-BFCD-4398-9091-F00B08EA4980}.Release|Any CPU.Build.0 = Release|Any CPU
		{BAE0D571-BF93-4C2B-A7FC-CCF183705CAA}.Debug|Any CPU.ActiveCfg = Debug|Any CPU
		{BAE0D571-BF93-4C2B-A7FC-CCF183705CAA}.Debug|Any CPU.Build.0 = Debug|Any CPU
		{BAE0D571-BF93-4C2B-A7FC-CCF183705CAA}.Release|Any CPU.ActiveCfg = Release|Any CPU
		{BAE0D571-BF93-4C2B-A7FC-CCF183705CAA}.Release|Any CPU.Build.0 = Release|Any CPU
		{41EAD7C6-F9CC-45E5-8593-0B5784E8F5E0}.Debug|Any CPU.ActiveCfg = Debug|Any CPU
		{41EAD7C6-F9CC-45E5-8593-0B5784E8F5E0}.Debug|Any CPU.Build.0 = Debug|Any CPU
		{41EAD7C6-F9CC-45E5-8593-0B5784E8F5E0}.Release|Any CPU.ActiveCfg = Release|Any CPU
		{41EAD7C6-F9CC-45E5-8593-0B5784E8F5E0}.Release|Any CPU.Build.0 = Release|Any CPU
		{0F439743-1B9F-457D-97AD-CA22F2897C61}.Debug|Any CPU.ActiveCfg = Debug|Any CPU
		{0F439743-1B9F-457D-97AD-CA22F2897C61}.Debug|Any CPU.Build.0 = Debug|Any CPU
		{0F439743-1B9F-457D-97AD-CA22F2897C61}.Release|Any CPU.ActiveCfg = Release|Any CPU
		{0F439743-1B9F-457D-97AD-CA22F2897C61}.Release|Any CPU.Build.0 = Release|Any CPU
		{1AEF58C6-1E3C-4889-A4AE-32C271C6CB19}.Debug|Any CPU.ActiveCfg = Debug|Any CPU
		{1AEF58C6-1E3C-4889-A4AE-32C271C6CB19}.Debug|Any CPU.Build.0 = Debug|Any CPU
		{1AEF58C6-1E3C-4889-A4AE-32C271C6CB19}.Release|Any CPU.ActiveCfg = Release|Any CPU
		{1AEF58C6-1E3C-4889-A4AE-32C271C6CB19}.Release|Any CPU.Build.0 = Release|Any CPU
		{17988CEC-54DD-4508-8A61-1DF148F2BD8D}.Debug|Any CPU.ActiveCfg = Debug|Any CPU
		{17988CEC-54DD-4508-8A61-1DF148F2BD8D}.Debug|Any CPU.Build.0 = Debug|Any CPU
		{17988CEC-54DD-4508-8A61-1DF148F2BD8D}.Release|Any CPU.ActiveCfg = Release|Any CPU
		{17988CEC-54DD-4508-8A61-1DF148F2BD8D}.Release|Any CPU.Build.0 = Release|Any CPU
		{6CC28C8B-0F37-42DD-8E5E-C02714D139C4}.Debug|Any CPU.ActiveCfg = Debug|Any CPU
		{6CC28C8B-0F37-42DD-8E5E-C02714D139C4}.Debug|Any CPU.Build.0 = Debug|Any CPU
		{6CC28C8B-0F37-42DD-8E5E-C02714D139C4}.Release|Any CPU.ActiveCfg = Release|Any CPU
		{6CC28C8B-0F37-42DD-8E5E-C02714D139C4}.Release|Any CPU.Build.0 = Release|Any CPU
	EndGlobalSection
	GlobalSection(SolutionProperties) = preSolution
		HideSolutionNode = FALSE
	EndGlobalSection
	GlobalSection(ExtensibilityGlobals) = postSolution
		SolutionGuid = {97C25E45-4BD2-48D8-BDEB-393164EB19F1}
	EndGlobalSection
EndGlobal
